
Microsoft Visual Studio Solution File, Format Version 12.00
# Visual Studio Version 16
VisualStudioVersion = 16.0.33214.272
MinimumVisualStudioVersion = 10.0.40219.1
Project("{FAE04EC0-301F-11D3-BF4B-00C04F79EFBC}") = "Communication", "Communication.csproj", "{FBC828AD-359A-487F-A31E-3840EEA5B819}"
EndProject
Global
	GlobalSection(SolutionConfigurationPlatforms) = preSolution
		Debug|Any CPU = Debug|Any CPU
		Release|Any CPU = Release|Any CPU
	EndGlobalSection
	GlobalSection(ProjectConfigurationPlatforms) = postSolution
		{FBC828AD-359A-487F-A31E-3840EEA5B819}.Debug|Any CPU.ActiveCfg = Debug|Any CPU
		{FBC828AD-359A-487F-A31E-3840EEA5B819}.Debug|Any CPU.Build.0 = Debug|Any CPU
		{FBC828AD-359A-487F-A31E-3840EEA5B819}.Release|Any CPU.ActiveCfg = Release|Any CPU
		{FBC828AD-359A-487F-A31E-3840EEA5B819}.Release|Any CPU.Build.0 = Release|Any CPU
	EndGlobalSection
	GlobalSection(SolutionProperties) = preSolution
		HideSolutionNode = FALSE
	EndGlobalSection
	GlobalSection(ExtensibilityGlobals) = postSolution
		SolutionGuid = {EFCC8A01-FEED-4C82-AAC5-5ED7D2EE63DD}
	EndGlobalSection
EndGlobal
